
Microsoft Visual Studio Solution File, Format Version 12.00
# Visual Studio Version 16
VisualStudioVersion = 25.0.1704.3
MinimumVisualStudioVersion = 10.0.40219.1
Project("{FAE04EC0-301F-11D3-BF4B-00C04F79EFBC}") = "Jacaranda", "Jacaranda\Jacaranda.csproj", "{3B880F88-3706-4581-A7E0-2F1933EE80B9}"
EndProject
Project("{2150E333-8FDC-42A3-9474-1A3956D46DE8}") = "Solution Items", "Solution Items", "{3D6581DB-7647-4F66-B40B-A9ED36CCE74E}"
	ProjectSection(SolutionItems) = preProject
		.editorconfig = .editorconfig
	EndProjectSection
EndProject
Global
	GlobalSection(SolutionConfigurationPlatforms) = preSolution
		Debug|Any CPU = Debug|Any CPU
		Release|Any CPU = Release|Any CPU
	EndGlobalSection
	GlobalSection(ProjectConfigurationPlatforms) = postSolution
		{3B880F88-3706-4581-A7E0-2F1933EE80B9}.Debug|Any CPU.ActiveCfg = Debug|Any CPU
		{3B880F88-3706-4581-A7E0-2F1933EE80B9}.Debug|Any CPU.Build.0 = Debug|Any CPU
		{3B880F88-3706-4581-A7E0-2F1933EE80B9}.Release|Any CPU.ActiveCfg = Release|Any CPU
		{3B880F88-3706-4581-A7E0-2F1933EE80B9}.Release|Any CPU.Build.0 = Release|Any CPU
	EndGlobalSection
	GlobalSection(SolutionProperties) = preSolution
		HideSolutionNode = FALSE
	EndGlobalSection
	GlobalSection(ExtensibilityGlobals) = postSolution
		SolutionGuid = {3C302A07-F515-428B-9B28-08AC8C5A106A}
	EndGlobalSection
EndGlobal
